
Microsoft Visual Studio Solution File, Format Version 12.00
# Visual Studio Version 16
VisualStudioVersion = 16.0.31911.196
MinimumVisualStudioVersion = 10.0.40219.1
Project("{FAE04EC0-301F-11D3-BF4B-00C04F79EFBC}") = "BlackJack21", "BlackJack21.csproj", "{B9549959-3CC9-460F-832B-0F9EE7757733}"
EndProject
Global
	GlobalSection(SolutionConfigurationPlatforms) = preSolution
		Debug|Any CPU = Debug|Any CPU
		Release|Any CPU = Release|Any CPU
	EndGlobalSection
	GlobalSection(ProjectConfigurationPlatforms) = postSolution
		{B9549959-3CC9-460F-832B-0F9EE7757733}.Debug|Any CPU.ActiveCfg = Debug|Any CPU
		{B9549959-3CC9-460F-832B-0F9EE7757733}.Debug|Any CPU.Build.0 = Debug|Any CPU
		{B9549959-3CC9-460F-832B-0F9EE7757733}.Release|Any CPU.ActiveCfg = Release|Any CPU
		{B9549959-3CC9-460F-832B-0F9EE7757733}.Release|Any CPU.Build.0 = Release|Any CPU
	EndGlobalSection
	GlobalSection(SolutionProperties) = preSolution
		HideSolutionNode = FALSE
	EndGlobalSection
	GlobalSection(ExtensibilityGlobals) = postSolution
		SolutionGuid = {2A65BE61-D282-46F4-9B28-FA9ADEA8B4CE}
	EndGlobalSection
EndGlobal
